// !$*UTF8*$!
{
	archiveVersion = 1;
	classes = {
	};
	objectVersion = 46;
	objects = {

/* Begin PBXBuildFile section */
		518D9D9C1F15156E009BF7BE /* AppDelegate.swift in Sources */ = {isa = PBXBuildFile; fileRef = 518D9D9B1F15156E009BF7BE /* AppDelegate.swift */; };
		518D9D9E1F15156E009BF7BE /* ViewController.swift in Sources */ = {isa = PBXBuildFile; fileRef = 518D9D9D1F15156E009BF7BE /* ViewController.swift */; };
		518D9DA11F15156E009BF7BE /* Main.storyboard in Resources */ = {isa = PBXBuildFile; fileRef = 518D9D9F1F15156E009BF7BE /* Main.storyboard */; };
		518D9DA31F15156E009BF7BE /* Assets.xcassets in Resources */ = {isa = PBXBuildFile; fileRef = 518D9DA21F15156E009BF7BE /* Assets.xcassets */; };
		518D9DA61F15156E009BF7BE /* LaunchScreen.storyboard in Resources */ = {isa = PBXBuildFile; fileRef = 518D9DA41F15156E009BF7BE /* LaunchScreen.storyboard */; };
/* End PBXBuildFile section */

/* Begin PBXFileReference section */
		518D9D981F15156E009BF7BE /* keyBoardTest.app */ = {isa = PBXFileReference; explicitFileType = wrapper.application; includeInIndex = 0; path = keyBoardTest.app; sourceTree = BUILT_PRODUCTS_DIR; };
		518D9D9B1F15156E009BF7BE /* AppDelegate.swift */ = {isa = PBXFileReference; lastKnownFileType = sourcecode.swift; path = AppDelegate.swift; sourceTree = "<group>"; };
		518D9D9D1F15156E009BF7BE /* ViewController.swift */ = {isa = PBXFileReference; lastKnownFileType = sourcecode.swift; path = ViewController.swift; sourceTree = "<group>"; };
		518D9DA01F15156E009BF7BE /* Base */ = {isa = PBXFileReference; lastKnownFileType = file.storyboard; name = Base; path = Base.lproj/Main.storyboard; sourceTree = "<group>"; };
		518D9DA21F15156E009BF7BE /* Assets.xcassets */ = {isa = PBXFileReference; lastKnownFileType = folder.assetcatalog; path = Assets.xcassets; sourceTree = "<group>"; };
		518D9DA51F15156E009BF7BE /* Base */ = {isa = PBXFileReference; lastKnownFileType = file.storyboard; name = Base; path = Base.lproj/LaunchScreen.storyboard; sourceTree = "<group>"; };
		518D9DA71F15156E009BF7BE /* Info.plist */ = {isa = PBXFileReference; lastKnownFileType = text.plist.xml; path = Info.plist; sourceTree = "<group>"; };
/* End PBXFileReference section */

/* Begin PBXFrameworksBuildPhase section */
		518D9D951F15156D009BF7BE /* Frameworks */ = {
			isa = PBXFrameworksBuildPhase;
			buildActionMask = 2147483647;
			files = (
			);
			runOnlyForDeploymentPostprocessing = 0;
		};
/* End PBXFrameworksBuildPhase section */

/* Begin PBXGroup section */
		518D9D8F1F15156D009BF7BE = {
			isa = PBXGroup;
			children = (
				518D9D9A1F15156E009BF7BE /* keyBoardTest */,
				518D9D991F15156E009BF7BE /* Products */,
			);
			sourceTree = "<group>";
		};
		518D9D991F15156E009BF7BE /* Products */ = {
			isa = PBXGroup;
			children = (
				518D9D981F15156E009BF7BE /* keyBoardTest.app */,
			);
			name = Products;
			sourceTree = "<group>";
		};
		518D9D9A1F15156E009BF7BE /* keyBoardTest */ = {
			isa = PBXGroup;
			children = (
				518D9D9B1F15156E009BF7BE /* AppDelegate.swift */,
				518D9D9D1F15156E009BF7BE /* ViewController.swift */,
				518D9D9F1F15156E009BF7BE /* Main.storyboard */,
				518D9DA21F15156E009BF7BE /* Assets.xcassets */,
				518D9DA41F15156E009BF7BE /* LaunchScreen.storyboard */,
				518D9DA71F15156E009BF7BE /* Info.plist */,
			);
			path = keyBoardTest;
			sourceTree = "<group>";
		};
/* End PBXGroup section */

/* Begin PBXNativeTarget section */
		518D9D971F15156D009BF7BE /* keyBoardTest */ = {
			isa = PBXNativeTarget;
			buildConfigurationList = 518D9DAA1F15156E009BF7BE /* Build configuration list for PBXNativeTarget "keyBoardTest" */;
			buildPhases = (
				518D9D941F15156D009BF7BE /* Sources */,
				518D9D951F15156D009BF7BE /* Frameworks */,
				518D9D961F15156D009BF7BE /* Resources */,
			);
			buildRules = (
			);
			dependencies = (
			);
			name = keyBoardTest;
			productName = keyBoardTest;
			productReference = 518D9D981F15156E009BF7BE /* keyBoardTest.app */;
			productType = "com.apple.product-type.application";
		};
/* End PBXNativeTarget section */

/* Begin PBXProject section */
		518D9D901F15156D009BF7BE /* Project object */ = {
			isa = PBXProject;
			attributes = {
				LastSwiftUpdateCheck = 0830;
				LastUpgradeCheck = 0830;
				ORGANIZATIONNAME = "Support Nua";
				TargetAttributes = {
					518D9D971F15156D009BF7BE = {
						CreatedOnToolsVersion = 8.3.2;
						DevelopmentTeam = 688F5ER3XT;
						ProvisioningStyle = Automatic;
					};
				};
			};
			buildConfigurationList = 518D9D931F15156D009BF7BE /* Build configuration list for PBXProject "keyBoardTest" */;
			compatibilityVersion = "Xcode 3.2";
			developmentRegion = English;
			hasScannedForEncodings = 0;
			knownRegions = (
				en,
				Base,
			);
			mainGroup = 518D9D8F1F15156D009BF7BE;
			productRefGroup = 518D9D991F15156E009BF7BE /* Products */;
			projectDirPath = "";
			projectRoot = "";
			targets = (
				518D9D971F15156D009BF7BE /* keyBoardTest */,
			);
		};
/* End PBXProject section */

/* Begin PBXResourcesBuildPhase section */
		518D9D961F15156D009BF7BE /* Resources */ = {
			isa = PBXResourcesBuildPhase;
			buildActionMask = 2147483647;
			files = (
				518D9DA61F15156E009BF7BE /* LaunchScreen.storyboard in Resources */,
				518D9DA31F15156E009BF7BE /* Assets.xcassets in Resources */,
				518D9DA11F15156E009BF7BE /* Main.storyboard in Resources */,
			);
			runOnlyForDeploymentPostprocessing = 0;
		};
/* End PBXResourcesBuildPhase section */

/* Begin PBXSourcesBuildPhase section */
		518D9D941F15156D009BF7BE /* Sources */ = {
			isa = PBXSourcesBuildPhase;
			buildActionMask = 2147483647;
			files = (
				518D9D9E1F15156E009BF7BE /* ViewController.swift in Sources */,
				518D9D9C1F15156E009BF7BE /* AppDelegate.swift in Sources */,
			);
			runOnlyForDeploymentPostprocessing = 0;
		};
/* End PBXSourcesBuildPhase section */

/* Begin PBXVariantGroup section */
		518D9D9F1F15156E009BF7BE /* Main.storyboard */ = {
			isa = PBXVariantGroup;
			children = (
				518D9DA01F15156E009BF7BE /* Base */,
			);
			name = Main.storyboard;
			sourceTree = "<group>";
		};
		518D9DA41F15156E009BF7BE /* LaunchScreen.storyboard */ = {
			isa = PBXVariantGroup;
			children = (
				518D9DA51F15156E009BF7BE /* Base */,
			);
			name = LaunchScreen.storyboard;
			sourceTree = "<group>";
		};
/* End PBXVariantGroup section */

/* Begin XCBuildConfiguration section */
		518D9DA81F15156E009BF7BE /* Debug */ = {
			isa = XCBuildConfiguration;
			buildSettings = {
				ALWAYS_SEARCH_USER_PATHS = NO;
				CLANG_ANALYZER_NONNULL = YES;
				CLANG_ANALYZER_NUMBER_OBJECT_CONVERSION = YES_AGGRESSIVE;
				CLANG_CXX_LANGUAGE_STANDARD = "gnu++0x";
				CLANG_CXX_LIBRARY = "libc++";
				CLANG_ENABLE_MODULES = YES;
				CLANG_ENABLE_OBJC_ARC = YES;
				CLANG_WARN_BOOL_CONVERSION = YES;
				CLANG_WARN_CONSTANT_CONVERSION = YES;
				CLANG_WARN_DIRECT_OBJC_ISA_USAGE = YES_ERROR;
				CLANG_WARN_DOCUMENTATION_COMMENTS = YES;
				CLANG_WARN_EMPTY_BODY = YES;
				CLANG_WARN_ENUM_CONVERSION = YES;
				CLANG_WARN_INFINITE_RECURSION = YES;
				CLANG_WARN_INT_CONVERSION = YES;
				CLANG_WARN_OBJC_ROOT_CLASS = YES_ERROR;
				CLANG_WARN_SUSPICIOUS_MOVE = YES;
				CLANG_WARN_UNREACHABLE_CODE = YES;
				CLANG_WARN__DUPLICATE_METHOD_MATCH = YES;
				"CODE_SIGN_IDENTITY[sdk=iphoneos*]" = "iPhone Developer";
				COPY_PHASE_STRIP = NO;
				DEBUG_INFORMATION_FORMAT = dwarf;
				ENABLE_STRICT_OBJC_MSGSEND = YES;
				ENABLE_TESTABILITY = YES;
				GCC_C_LANGUAGE_STANDARD = gnu99;
				GCC_DYNAMIC_NO_PIC = NO;
				GCC_NO_COMMON_BLOCKS = YES;
				GCC_OPTIMIZATION_LEVEL = 0;
				GCC_PREPROCESSOR_DEFINITIONS = (
					"DEBUG=1",
					"$(inherited)",
				);
				GCC_WARN_64_TO_32_BIT_CONVERSION = YES;
				GCC_WARN_ABOUT_RETURN_TYPE = YES_ERROR;
				GCC_WARN_UNDECLARED_SELECTOR = YES;
				GCC_WARN_UNINITIALIZED_AUTOS = YES_AGGRESSIVE;
				GCC_WARN_UNUSED_FUNCTION = YES;
				GCC_WARN_UNUSED_VARIABLE = YES;
				IPHONEOS_DEPLOYMENT_TARGET = 8.0;
				MTL_ENABLE_DEBUG_INFO = YES;
				ONLY_ACTIVE_ARCH = YES;
				SDKROOT = iphoneos;
				SWIFT_ACTIVE_COMPILATION_CONDITIONS = DEBUG;
				SWIFT_OPTIMIZATION_LEVEL = "-Onone";
				TARGETED_DEVICE_FAMILY = "1,2";
			};
			name = Debug;
		};
		518D9DA91F15156E009BF7BE /* Release */ = {
			isa = XCBuildConfiguration;
			buildSettings = {
				ALWAYS_SEARCH_USER_PATHS = NO;
				CLANG_ANALYZER_NONNULL = YES;
				CLANG_ANALYZER_NUMBER_OBJECT_CONVERSION = YES_AGGRESSIVE;
				CLANG_CXX_LANGUAGE_STANDARD = "gnu++0x";
				CLANG_CXX_LIBRARY = "libc++";
				CLANG_ENABLE_MODULES = YES;
				CLANG_ENABLE_OBJC_ARC = YES;
				CLANG_WARN_BOOL_CONVERSION = YES;
				CLANG_WARN_CONSTANT_CONVERSION = YES;
				CLANG_WARN_DIRECT_OBJC_ISA_USAGE = YES_ERROR;
				CLANG_WARN_DOCUMENTATION_COMMENTS = YES;
				CLANG_WARN_EMPTY_BODY = YES;
				CLANG_WARN_ENUM_CONVERSION = YES;
				CLANG_WARN_INFINITE_RECURSION = YES;
				CLANG_WARN_INT_CONVERSION = YES;
				CLANG_WARN_OBJC_ROOT_CLASS = YES_ERROR;
				CLANG_WARN_SUSPICIOUS_MOVE = YES;
				CLANG_WARN_UNREACHABLE_CODE = YES;
				CLANG_WARN__DUPLICATE_METHOD_MATCH = YES;
				"CODE_SIGN_IDENTITY[sdk=iphoneos*]" = "iPhone Developer";
				COPY_PHASE_STRIP = NO;
				DEBUG_INFORMATION_FORMAT = "dwarf-with-dsym";
				ENABLE_NS_ASSERTIONS = NO;
				ENABLE_STRICT_OBJC_MSGSEND = YES;
				GCC_C_LANGUAGE_STANDARD = gnu99;
				GCC_NO_COMMON_BLOCKS = YES;
				GCC_WARN_64_TO_32_BIT_CONVERSION = YES;
				GCC_WARN_ABOUT_RETURN_TYPE = YES_ERROR;
				GCC_WARN_UNDECLARED_SELECTOR = YES;
				GCC_WARN_UNINITIALIZED_AUTOS = YES_AGGRESSIVE;
				GCC_WARN_UNUSED_FUNCTION = YES;
				GCC_WARN_UNUSED_VARIABLE = YES;
				IPHONEOS_DEPLOYMENT_TARGET = 8.0;
				MTL_ENABLE_DEBUG_INFO = NO;
				SDKROOT = iphoneos;
				SWIFT_OPTIMIZATION_LEVEL = "-Owholemodule";
				TARGETED_DEVICE_FAMILY = "1,2";
				VALIDATE_PRODUCT = YES;
			};
			name = Release;
		};
		518D9DAB1F15156E009BF7BE /* Debug */ = {
			isa = XCBuildConfiguration;
			buildSettings = {
				ASSETCATALOG_COMPILER_APPICON_NAME = AppIcon;
				DEVELOPMENT_TEAM = 688F5ER3XT;
				INFOPLIST_FILE = keyBoardTest/Info.plist;
				IPHONEOS_DEPLOYMENT_TARGET = 8.0;
				LD_RUNPATH_SEARCH_PATHS = "$(inherited) @executable_path/Frameworks";
				PRODUCT_BUNDLE_IDENTIFIER = com.nua.keyBoardTest;
				PRODUCT_NAME = "$(TARGET_NAME)";
				SWIFT_VERSION = 3.0;
			};
			name = Debug;
		};
		518D9DAC1F15156E009BF7BE /* Release */ = {
			isa = XCBuildConfiguration;
			buildSettings = {
				ASSETCATALOG_COMPILER_APPICON_NAME = AppIcon;
				DEVELOPMENT_TEAM = 688F5ER3XT;
				INFOPLIST_FILE = keyBoardTest/Info.plist;
				IPHONEOS_DEPLOYMENT_TARGET = 8.0;
				LD_RUNPATH_SEARCH_PATHS = "$(inherited) @executable_path/Frameworks";
				PRODUCT_BUNDLE_IDENTIFIER = com.nua.keyBoardTest;
				PRODUCT_NAME = "$(TARGET_NAME)";
				SWIFT_VERSION = 3.0;
			};
			name = Release;
		};
/* End XCBuildConfiguration section */

/* Begin XCConfigurationList section */
		518D9D931F15156D009BF7BE /* Build configuration list for PBXProject "keyBoardTest" */ = {
			isa = XCConfigurationList;
			buildConfigurations = (
				518D9DA81F15156E009BF7BE /* Debug */,
				518D9DA91F15156E009BF7BE /* Release */,
			);
			defaultConfigurationIsVisible = 0;
			defaultConfigurationName = Release;
		};
		518D9DAA1F15156E009BF7BE /* Build configuration list for PBXNativeTarget "keyBoardTest" */ = {
			isa = XCConfigurationList;
			buildConfigurations = (
				518D9DAB1F15156E009BF7BE /* Debug */,
				518D9DAC1F15156E009BF7BE /* Release */,
			);
			defaultConfigurationIsVisible = 0;
			defaultConfigurationName = Release;
		};
/* End XCConfigurationList section */
	};
	rootObject = 518D9D901F15156D009BF7BE /* Project object */;
}
